
Microsoft Visual Studio Solution File, Format Version 12.00
# Visual Studio Version 16
VisualStudioVersion = 16.0.29728.190
MinimumVisualStudioVersion = 10.0.40219.1
Project("{FAE04EC0-301F-11D3-BF4B-00C04F79EFBC}") = "MTC", "MTC.csproj", "{101E3394-9BDF-4AF0-B2A9-4D8CFC297467}"
EndProject
Global
	GlobalSection(SolutionConfigurationPlatforms) = preSolution
		Debug|Any CPU = Debug|Any CPU
		Release|Any CPU = Release|Any CPU
	EndGlobalSection
	GlobalSection(ProjectConfigurationPlatforms) = postSolution
		{101E3394-9BDF-4AF0-B2A9-4D8CFC297467}.Debug|Any CPU.ActiveCfg = Debug|Any CPU
		{101E3394-9BDF-4AF0-B2A9-4D8CFC297467}.Debug|Any CPU.Build.0 = Debug|Any CPU
		{101E3394-9BDF-4AF0-B2A9-4D8CFC297467}.Release|Any CPU.ActiveCfg = Release|Any CPU
		{101E3394-9BDF-4AF0-B2A9-4D8CFC297467}.Release|Any CPU.Build.0 = Release|Any CPU
	EndGlobalSection
	GlobalSection(SolutionProperties) = preSolution
		HideSolutionNode = FALSE
	EndGlobalSection
	GlobalSection(ExtensibilityGlobals) = postSolution
		SolutionGuid = {85F87007-B5E3-444A-A4DE-B2A850C136C4}
	EndGlobalSection
EndGlobal
